<?xml version="1.0" encoding="utf-8"?>
<Project ToolsVersion="4.0" xmlns="http://schemas.microsoft.com/developer/msbuild/2003">
  <ItemGroup>
    <ClCompile Include="main\entry.cpp" />
    <ClCompile Include="sdk\sdk.cpp" />
    <ClCompile Include="sdk\math\qangle.cpp" />
    <ClCompile Include="sdk\math\vector.cpp" />
    <ClCompile Include="sdk\math\vector2d.cpp" />
    <ClCompile Include="sdk\math\vector4d.cpp" />
    <ClCompile Include="sdk\math\base.cpp" />
    <ClCompile Include="sdk\object\player.cpp" />
    <ClCompile Include="sdk\object\entity.cpp" />
    <ClCompile Include="sdk\object\weapon.cpp" />
    <ClCompile Include="shared\imgui\imgui.cpp" />
    <ClCompile Include="shared\imgui\imgui_draw.cpp" />
    <ClCompile Include="shared\imgui\imgui_impl_dx9.cpp" />
    <ClCompile Include="shared\imgui\imgui_impl_win32.cpp" />
    <ClCompile Include="shared\imgui\imgui_widgets.cpp" />
    <ClCompile Include="shared\memory\object_hook.cpp" />
    <ClCompile Include="shared\memory\scan.cpp" />
    <ClCompile Include="shared\storage\option.cpp" />
    <ClCompile Include="shared\system\system.cpp" />
    <ClCompile Include="shared\win32\input.cpp" />
    <ClCompile Include="csgo\engine.cpp" />
    <ClCompile Include="csgo\engine\factory.cpp" />
    <ClCompile Include="csgo\engine\net_prop_system.cpp" />
    <ClCompile Include="csgo\engine\renderer.cpp" />
    <ClCompile Include="csgo\feature\aimbot.cpp" />
    <ClCompile Include="csgo\feature\gui.cpp" />
    <ClCompile Include="csgo\feature\triggerbot.cpp" />
    <ClCompile Include="csgo\hook\frame_stage_notify.cpp" />
    <ClCompile Include="csgo\hook\present.cpp" />
    <ClCompile Include="csgo\hook\reset.cpp" />
    <ClCompile Include="shared\imgui\imgui_demo.cpp" />
  </ItemGroup>
  <ItemGroup>
    <ClInclude Include="sdk\sdk.hpp" />
    <ClInclude Include="sdk\math\qangle.hpp" />
    <ClInclude Include="sdk\math\vector.hpp" />
    <ClInclude Include="sdk\math\vector2d.hpp" />
    <ClInclude Include="sdk\math\vector4d.hpp" />
    <ClInclude Include="sdk\math\base.hpp" />
    <ClInclude Include="sdk\object\entity.hpp" />
    <ClInclude Include="sdk\object\weapon.hpp" />
    <ClInclude Include="shared\auto.hpp" />
    <ClInclude Include="shared\detail\no_copy.hpp" />
    <ClInclude Include="shared\detail\no_move.hpp" />
    <ClInclude Include="shared\detail\singleton.hpp" />
    <ClInclude Include="shared\imgui\imgui.hpp" />
    <ClInclude Include="shared\imgui\imgui_impl_dx9.hpp" />
    <ClInclude Include="shared\imgui\imgui_impl_win32.hpp" />
    <ClInclude Include="shared\imgui\imgui_internal.hpp" />
    <ClInclude Include="shared\imgui\imstb_rectpack.hpp" />
    <ClInclude Include="shared\imgui\imstb_textedit.hpp" />
    <ClInclude Include="shared\imgui\imstb_truetype.hpp" />
    <ClInclude Include="shared\include\auto.hpp" />
    <ClInclude Include="shared\include\win32.hpp" />
    <ClInclude Include="shared\memory\macro.hpp" />
    <ClInclude Include="shared\memory\object_hook.hpp" />
    <ClInclude Include="shared\memory\procedure.hpp" />
    <ClInclude Include="shared\memory\scan.hpp" />
    <ClInclude Include="shared\storage\option.hpp" />
    <ClInclude Include="shared\system\system.hpp" />
    <ClInclude Include="shared\win32\input.hpp" />
    <ClInclude Include="csgo\engine.hpp" />
    <ClInclude Include="csgo\engine\factory.hpp" />
    <ClInclude Include="csgo\engine\net_prop_system.hpp" />
    <ClInclude Include="csgo\engine\renderer.hpp" />
    <ClInclude Include="csgo\feature\aimbot.hpp" />
    <ClInclude Include="csgo\feature\gui.hpp" />
    <ClInclude Include="csgo\feature\triggerbot.hpp" />
    <ClInclude Include="csgo\hook\procedure.hpp" />
    <ClInclude Include="shared\imgui\imconfig.hpp" />
  </ItemGroup>
  <ItemGroup>
    <None Include="sdk\object\player.hpp" />
  </ItemGroup>
</Project>